// !$*UTF8*$!
{
	archiveVersion = 1;
	classes = {
	};
	objectVersion = 46;
	objects = {

/* Begin PBXBuildFile section */
		10F0623A937DFEA5D1368BD1 /* libPods-91助手Tests.a in Frameworks */ = {isa = PBXBuildFile; fileRef = 08F1C016BD6DC6BCB108BEFA /* libPods-91助手Tests.a */; };
		2F37A206ACFC7F046691154B /* libPods-91助手UITests.a in Frameworks */ = {isa = PBXBuildFile; fileRef = 7516E2DFAB4115C84C5CDB2D /* libPods-91助手UITests.a */; };
		9C0DD6EF1CFBF19A0028E515 /* YKChatViewController.m in Sources */ = {isa = PBXBuildFile; fileRef = 9C0DD6EE1CFBF19A0028E515 /* YKChatViewController.m */; };
		9C0DD6F21CFBF1AF0028E515 /* YKClassifyViewController.m in Sources */ = {isa = PBXBuildFile; fileRef = 9C0DD6F11CFBF1AF0028E515 /* YKClassifyViewController.m */; };
		9C0DD6F71CFBF1BF0028E515 /* YKBaseViewController.m in Sources */ = {isa = PBXBuildFile; fileRef = 9C0DD6F41CFBF1BF0028E515 /* YKBaseViewController.m */; };
		9C0DD6F81CFBF1BF0028E515 /* YKRootViewController.m in Sources */ = {isa = PBXBuildFile; fileRef = 9C0DD6F61CFBF1BF0028E515 /* YKRootViewController.m */; };
		9C0DD6FB1CFBF1CF0028E515 /* YKHomeViewController.m in Sources */ = {isa = PBXBuildFile; fileRef = 9C0DD6FA1CFBF1CF0028E515 /* YKHomeViewController.m */; };
		9C0DD7011CFBF73F0028E515 /* YKSearchViewController.m in Sources */ = {isa = PBXBuildFile; fileRef = 9C0DD7001CFBF73F0028E515 /* YKSearchViewController.m */; };
		9C27BDB41CFFD5AE0016C0F7 /* YKStartPageViewController.m in Sources */ = {isa = PBXBuildFile; fileRef = 9C27BDAF1CFFD5AE0016C0F7 /* YKStartPageViewController.m */; };
		9C27BDB51CFFD5AE0016C0F7 /* YKStartPageScrollView.m in Sources */ = {isa = PBXBuildFile; fileRef = 9C27BDB31CFFD5AE0016C0F7 /* YKStartPageScrollView.m */; };
		9C27BDB71CFFECE90016C0F7 /* YKScrollPagingView.m in Sources */ = {isa = PBXBuildFile; fileRef = 9C27BDB61CFFECE90016C0F7 /* YKScrollPagingView.m */; };
		9C40AD431CF82C5700AF23DE /* Assets.xcassets in Resources */ = {isa = PBXBuildFile; fileRef = 9C40AD421CF82C5700AF23DE /* Assets.xcassets */; };
		9C40AD461CF82C5700AF23DE /* LaunchScreen.storyboard in Resources */ = {isa = PBXBuildFile; fileRef = 9C40AD441CF82C5700AF23DE /* LaunchScreen.storyboard */; };
		9C40AD511CF82C5800AF23DE /* _1__Tests.m in Sources */ = {isa = PBXBuildFile; fileRef = 9C40AD501CF82C5800AF23DE /* _1__Tests.m */; };
		9C40AD5C1CF82C5800AF23DE /* _1__UITests.m in Sources */ = {isa = PBXBuildFile; fileRef = 9C40AD5B1CF82C5800AF23DE /* _1__UITests.m */; };
		9C5BDD711CF9D928008CE12F /* AppDelegate.m in Sources */ = {isa = PBXBuildFile; fileRef = 9C5BDD6A1CF9D928008CE12F /* AppDelegate.m */; };
		9C5BDD721CF9D928008CE12F /* main.m in Sources */ = {isa = PBXBuildFile; fileRef = 9C5BDD6B1CF9D928008CE12F /* main.m */; };
		9CC490291D05519D003F7F9E /* YKStarView.m in Sources */ = {isa = PBXBuildFile; fileRef = 9CC490281D05519D003F7F9E /* YKStarView.m */; };
		9CC4902C1D0551AB003F7F9E /* NSString+YKExtension.m in Sources */ = {isa = PBXBuildFile; fileRef = 9CC4902B1D0551AB003F7F9E /* NSString+YKExtension.m */; };
		9CC4902F1D05681E003F7F9E /* YKOtherTableViewCell.m in Sources */ = {isa = PBXBuildFile; fileRef = 9CC4902E1D05681E003F7F9E /* YKOtherTableViewCell.m */; };
		9CC864A21D0669C8007147D1 /* YKRowsTableViewCell.m in Sources */ = {isa = PBXBuildFile; fileRef = 9CC864A11D0669C8007147D1 /* YKRowsTableViewCell.m */; };
		9CC864A51D066B3A007147D1 /* YKMoreViewController.m in Sources */ = {isa = PBXBuildFile; fileRef = 9CC864A41D066B3A007147D1 /* YKMoreViewController.m */; };
		9CC864A81D06725A007147D1 /* YKUtility.m in Sources */ = {isa = PBXBuildFile; fileRef = 9CC864A71D06725A007147D1 /* YKUtility.m */; };
		9CC864AB1D0677A5007147D1 /* YKDetailViewController.m in Sources */ = {isa = PBXBuildFile; fileRef = 9CC864AA1D0677A5007147D1 /* YKDetailViewController.m */; };
		9CCFECD21D01291800D1BFA1 /* YKSingleRowTableViewCell.m in Sources */ = {isa = PBXBuildFile; fileRef = 9CCFECD11D01291800D1BFA1 /* YKSingleRowTableViewCell.m */; };
		BD1BE2721D30BE2000A377A9 /* YKClassifyCell.m in Sources */ = {isa = PBXBuildFile; fileRef = BD1BE2711D30BE2000A377A9 /* YKClassifyCell.m */; };
		BD1BE2751D30C18900A377A9 /* YKClassify.m in Sources */ = {isa = PBXBuildFile; fileRef = BD1BE2741D30C18900A377A9 /* YKClassify.m */; };
		BD1BE2781D30C23E00A377A9 /* YKListTags.m in Sources */ = {isa = PBXBuildFile; fileRef = BD1BE2771D30C23E00A377A9 /* YKListTags.m */; };
		BD1BE27B1D30C35A00A377A9 /* YKClassifyAppViewController.m in Sources */ = {isa = PBXBuildFile; fileRef = BD1BE27A1D30C35A00A377A9 /* YKClassifyAppViewController.m */; };
		BD1BE27E1D30CBAE00A377A9 /* YKConst.m in Sources */ = {isa = PBXBuildFile; fileRef = BD1BE27D1D30CBAE00A377A9 /* YKConst.m */; };
		BD1BE2811D30D18900A377A9 /* UIImageView+XFExtension.m in Sources */ = {isa = PBXBuildFile; fileRef = BD1BE2801D30D18900A377A9 /* UIImageView+XFExtension.m */; };
		BD1BE2841D30D4EF00A377A9 /* YKModelConfig.m in Sources */ = {isa = PBXBuildFile; fileRef = BD1BE2831D30D4EF00A377A9 /* YKModelConfig.m */; };
		BD1D44C61D308E410048190C /* YKNavgationController.m in Sources */ = {isa = PBXBuildFile; fileRef = BD1D44C51D308E410048190C /* YKNavgationController.m */; };
		BD1D44C91D3092120048190C /* YKChatThreeViewController.m in Sources */ = {isa = PBXBuildFile; fileRef = BD1D44C81D3092120048190C /* YKChatThreeViewController.m */; };
		BD1D44CC1D309D2C0048190C /* YKAppViewController.m in Sources */ = {isa = PBXBuildFile; fileRef = BD1D44CB1D309D2C0048190C /* YKAppViewController.m */; };
		BD1D44CF1D309D3A0048190C /* YKGameViewController.m in Sources */ = {isa = PBXBuildFile; fileRef = BD1D44CE1D309D3A0048190C /* YKGameViewController.m */; };
		BD26D5FF1D2F6F3A00ED72ED /* XFRefreshFooter.m in Sources */ = {isa = PBXBuildFile; fileRef = BD26D5FC1D2F6F3A00ED72ED /* XFRefreshFooter.m */; };
		BD26D6001D2F6F3A00ED72ED /* XFRefreshHeader.m in Sources */ = {isa = PBXBuildFile; fileRef = BD26D5FE1D2F6F3A00ED72ED /* XFRefreshHeader.m */; };
		BD26D6031D2F6F5A00ED72ED /* XFHTTPSessionManager.m in Sources */ = {isa = PBXBuildFile; fileRef = BD26D6021D2F6F5A00ED72ED /* XFHTTPSessionManager.m */; };
		BD26D6061D2F9F4100ED72ED /* UIView+XFExtension.m in Sources */ = {isa = PBXBuildFile; fileRef = BD26D6051D2F9F4100ED72ED /* UIView+XFExtension.m */; };
		BD4A3D611D1943180061A2EB /* YKApp.m in Sources */ = {isa = PBXBuildFile; fileRef = BD4A3D601D1943180061A2EB /* YKApp.m */; };
		BD99402D1D33327500C061EE /* YKSectionHeaderView.m in Sources */ = {isa = PBXBuildFile; fileRef = BD99402C1D33327500C061EE /* YKSectionHeaderView.m */; };
		BD9940351D33615A00C061EE /* YKHomeModel.m in Sources */ = {isa = PBXBuildFile; fileRef = BD9940341D33615A00C061EE /* YKHomeModel.m */; };
		BD9940381D33724500C061EE /* YKScrollModel.m in Sources */ = {isa = PBXBuildFile; fileRef = BD9940371D33724500C061EE /* YKScrollModel.m */; };
		BD99403B1D33885E00C061EE /* YKAppsViewCell.m in Sources */ = {isa = PBXBuildFile; fileRef = BD99403A1D33885E00C061EE /* YKAppsViewCell.m */; };
		BD99403E1D33895A00C061EE /* YKAppsViewController.m in Sources */ = {isa = PBXBuildFile; fileRef = BD99403D1D33895A00C061EE /* YKAppsViewController.m */; };
		BDE6A3821D23C21400D477A8 /* YKChatViewCell.m in Sources */ = {isa = PBXBuildFile; fileRef = BDE6A3811D23C21400D477A8 /* YKChatViewCell.m */; };
		BDE6A3851D23CBBD00D477A8 /* YKChatCellModel.m in Sources */ = {isa = PBXBuildFile; fileRef = BDE6A3841D23CBBD00D477A8 /* YKChatCellModel.m */; };
		BDE6A3881D23D75500D477A8 /* YKChatTwoViewController.m in Sources */ = {isa = PBXBuildFile; fileRef = BDE6A3871D23D75500D477A8 /* YKChatTwoViewController.m */; };
		E264DAD969B727EF07675E48 /* libPods-91助手.a in Frameworks */ = {isa = PBXBuildFile; fileRef = 7B3A9C298613768F3D499A30 /* libPods-91助手.a */; };
/* End PBXBuildFile section */

/* Begin PBXContainerItemProxy section */
		9C40AD4D1CF82C5800AF23DE /* PBXContainerItemProxy */ = {
			isa = PBXContainerItemProxy;
			containerPortal = 9C40AD2B1CF82C5700AF23DE /* Project object */;
			proxyType = 1;
			remoteGlobalIDString = 9C40AD321CF82C5700AF23DE;
			remoteInfo = "91助手";
		};
		9C40AD581CF82C5800AF23DE /* PBXContainerItemProxy */ = {
			isa = PBXContainerItemProxy;
			containerPortal = 9C40AD2B1CF82C5700AF23DE /* Project object */;
			proxyType = 1;
			remoteGlobalIDString = 9C40AD321CF82C5700AF23DE;
			remoteInfo = "91助手";
		};
/* End PBXContainerItemProxy section */

/* Begin PBXFileReference section */
		08F1C016BD6DC6BCB108BEFA /* libPods-91助手Tests.a */ = {isa = PBXFileReference; explicitFileType = archive.ar; includeInIndex = 0; path = "libPods-91助手Tests.a"; sourceTree = BUILT_PRODUCTS_DIR; };
		5CFD8B700015DDD923ED7E4C /* Pods-91助手Tests.release.xcconfig */ = {isa = PBXFileReference; includeInIndex = 1; lastKnownFileType = text.xcconfig; name = "Pods-91助手Tests.release.xcconfig"; path = "Pods/Target Support Files/Pods-91助手Tests/Pods-91助手Tests.release.xcconfig"; sourceTree = "<group>"; };
		5FE7BE38F5467DC28C57E3D4 /* Pods-91助手UITests.debug.xcconfig */ = {isa = PBXFileReference; includeInIndex = 1; lastKnownFileType = text.xcconfig; name = "Pods-91助手UITests.debug.xcconfig"; path = "Pods/Target Support Files/Pods-91助手UITests/Pods-91助手UITests.debug.xcconfig"; sourceTree = "<group>"; };
		7516E2DFAB4115C84C5CDB2D /* libPods-91助手UITests.a */ = {isa = PBXFileReference; explicitFileType = archive.ar; includeInIndex = 0; path = "libPods-91助手UITests.a"; sourceTree = BUILT_PRODUCTS_DIR; };
		7B3A9C298613768F3D499A30 /* libPods-91助手.a */ = {isa = PBXFileReference; explicitFileType = archive.ar; includeInIndex = 0; path = "libPods-91助手.a"; sourceTree = BUILT_PRODUCTS_DIR; };
		91A97F5ADB0EACD582C0C33E /* Pods-91助手.debug.xcconfig */ = {isa = PBXFileReference; includeInIndex = 1; lastKnownFileType = text.xcconfig; name = "Pods-91助手.debug.xcconfig"; path = "Pods/Target Support Files/Pods-91助手/Pods-91助手.debug.xcconfig"; sourceTree = "<group>"; };
		99979C71D0B096DA5618EAC6 /* Pods-91助手.release.xcconfig */ = {isa = PBXFileReference; includeInIndex = 1; lastKnownFileType = text.xcconfig; name = "Pods-91助手.release.xcconfig"; path = "Pods/Target Support Files/Pods-91助手/Pods-91助手.release.xcconfig"; sourceTree = "<group>"; };
		9C0DD6ED1CFBF19A0028E515 /* YKChatViewController.h */ = {isa = PBXFileReference; fileEncoding = 4; lastKnownFileType = sourcecode.c.h; path = YKChatViewController.h; sourceTree = "<group>"; };
		9C0DD6EE1CFBF19A0028E515 /* YKChatViewController.m */ = {isa = PBXFileReference; fileEncoding = 4; lastKnownFileType = sourcecode.c.objc; path = YKChatViewController.m; sourceTree = "<group>"; };
		9C0DD6F01CFBF1AF0028E515 /* YKClassifyViewController.h */ = {isa = PBXFileReference; fileEncoding = 4; lastKnownFileType = sourcecode.c.h; path = YKClassifyViewController.h; sourceTree = "<group>"; };
		9C0DD6F11CFBF1AF0028E515 /* YKClassifyViewController.m */ = {isa = PBXFileReference; fileEncoding = 4; lastKnownFileType = sourcecode.c.objc; path = YKClassifyViewController.m; sourceTree = "<group>"; };
		9C0DD6F31CFBF1BF0028E515 /* YKBaseViewController.h */ = {isa = PBXFileReference; fileEncoding = 4; lastKnownFileType = sourcecode.c.h; path = YKBaseViewController.h; sourceTree = "<group>"; };
		9C0DD6F41CFBF1BF0028E515 /* YKBaseViewController.m */ = {isa = PBXFileReference; fileEncoding = 4; lastKnownFileType = sourcecode.c.objc; path = YKBaseViewController.m; sourceTree = "<group>"; };
		9C0DD6F51CFBF1BF0028E515 /* YKRootViewController.h */ = {isa = PBXFileReference; fileEncoding = 4; lastKnownFileType = sourcecode.c.h; path = YKRootViewController.h; sourceTree = "<group>"; };
		9C0DD6F61CFBF1BF0028E515 /* YKRootViewController.m */ = {isa = PBXFileReference; fileEncoding = 4; lastKnownFileType = sourcecode.c.objc; path = YKRootViewController.m; sourceTree = "<group>"; };
		9C0DD6F91CFBF1CF0028E515 /* YKHomeViewController.h */ = {isa = PBXFileReference; fileEncoding = 4; lastKnownFileType = sourcecode.c.h; path = YKHomeViewController.h; sourceTree = "<group>"; };
		9C0DD6FA1CFBF1CF0028E515 /* YKHomeViewController.m */ = {isa = PBXFileReference; fileEncoding = 4; lastKnownFileType = sourcecode.c.objc; path = YKHomeViewController.m; sourceTree = "<group>"; };
		9C0DD6FF1CFBF73F0028E515 /* YKSearchViewController.h */ = {isa = PBXFileReference; fileEncoding = 4; lastKnownFileType = sourcecode.c.h; path = YKSearchViewController.h; sourceTree = "<group>"; };
		9C0DD7001CFBF73F0028E515 /* YKSearchViewController.m */ = {isa = PBXFileReference; fileEncoding = 4; lastKnownFileType = sourcecode.c.objc; path = YKSearchViewController.m; sourceTree = "<group>"; };
		9C0DD7141CFC4A290028E515 /* PrefixHeader.pch */ = {isa = PBXFileReference; fileEncoding = 4; lastKnownFileType = sourcecode.c.h; path = PrefixHeader.pch; sourceTree = "<group>"; };
		9C27BDAE1CFFD5AE0016C0F7 /* YKStartPageViewController.h */ = {isa = PBXFileReference; fileEncoding = 4; lastKnownFileType = sourcecode.c.h; path = YKStartPageViewController.h; sourceTree = "<group>"; };
		9C27BDAF1CFFD5AE0016C0F7 /* YKStartPageViewController.m */ = {isa = PBXFileReference; fileEncoding = 4; lastKnownFileType = sourcecode.c.objc; path = YKStartPageViewController.m; sourceTree = "<group>"; };
		9C27BDB21CFFD5AE0016C0F7 /* YKStartPageScrollView.h */ = {isa = PBXFileReference; fileEncoding = 4; lastKnownFileType = sourcecode.c.h; path = YKStartPageScrollView.h; sourceTree = "<group>"; };
		9C27BDB31CFFD5AE0016C0F7 /* YKStartPageScrollView.m */ = {isa = PBXFileReference; fileEncoding = 4; lastKnownFileType = sourcecode.c.objc; path = YKStartPageScrollView.m; sourceTree = "<group>"; };
		9C27BDB61CFFECE90016C0F7 /* YKScrollPagingView.m */ = {isa = PBXFileReference; fileEncoding = 4; lastKnownFileType = sourcecode.c.objc; path = YKScrollPagingView.m; sourceTree = "<group>"; };
		9C27BDB81CFFECF20016C0F7 /* YKScrollPagingView.h */ = {isa = PBXFileReference; fileEncoding = 4; lastKnownFileType = sourcecode.c.h; path = YKScrollPagingView.h; sourceTree = "<group>"; };
		9C40AD331CF82C5700AF23DE /* 91助手.app */ = {isa = PBXFileReference; explicitFileType = wrapper.application; includeInIndex = 0; path = "91助手.app"; sourceTree = BUILT_PRODUCTS_DIR; };
		9C40AD421CF82C5700AF23DE /* Assets.xcassets */ = {isa = PBXFileReference; lastKnownFileType = folder.assetcatalog; path = Assets.xcassets; sourceTree = "<group>"; };
		9C40AD451CF82C5700AF23DE /* Base */ = {isa = PBXFileReference; lastKnownFileType = file.storyboard; name = Base; path = Base.lproj/LaunchScreen.storyboard; sourceTree = "<group>"; };
		9C40AD471CF82C5700AF23DE /* Info.plist */ = {isa = PBXFileReference; lastKnownFileType = text.plist.xml; path = Info.plist; sourceTree = "<group>"; };
		9C40AD4C1CF82C5800AF23DE /* 91助手Tests.xctest */ = {isa = PBXFileReference; explicitFileType = wrapper.cfbundle; includeInIndex = 0; path = "91助手Tests.xctest"; sourceTree = BUILT_PRODUCTS_DIR; };
		9C40AD501CF82C5800AF23DE /* _1__Tests.m */ = {isa = PBXFileReference; lastKnownFileType = sourcecode.c.objc; path = _1__Tests.m; sourceTree = "<group>"; };
		9C40AD521CF82C5800AF23DE /* Info.plist */ = {isa = PBXFileReference; lastKnownFileType = text.plist.xml; path = Info.plist; sourceTree = "<group>"; };
		9C40AD571CF82C5800AF23DE /* 91助手UITests.xctest */ = {isa = PBXFileReference; explicitFileType = wrapper.cfbundle; includeInIndex = 0; path = "91助手UITests.xctest"; sourceTree = BUILT_PRODUCTS_DIR; };
		9C40AD5B1CF82C5800AF23DE /* _1__UITests.m */ = {isa = PBXFileReference; lastKnownFileType = sourcecode.c.objc; path = _1__UITests.m; sourceTree = "<group>"; };
		9C40AD5D1CF82C5800AF23DE /* Info.plist */ = {isa = PBXFileReference; lastKnownFileType = text.plist.xml; path = Info.plist; sourceTree = "<group>"; };
		9C5BDD691CF9D928008CE12F /* AppDelegate.h */ = {isa = PBXFileReference; fileEncoding = 4; lastKnownFileType = sourcecode.c.h; path = AppDelegate.h; sourceTree = "<group>"; };
		9C5BDD6A1CF9D928008CE12F /* AppDelegate.m */ = {isa = PBXFileReference; fileEncoding = 4; lastKnownFileType = sourcecode.c.objc; path = AppDelegate.m; sourceTree = "<group>"; };
		9C5BDD6B1CF9D928008CE12F /* main.m */ = {isa = PBXFileReference; fileEncoding = 4; lastKnownFileType = sourcecode.c.objc; path = main.m; sourceTree = "<group>"; };
		9CC490271D05519D003F7F9E /* YKStarView.h */ = {isa = PBXFileReference; fileEncoding = 4; lastKnownFileType = sourcecode.c.h; path = YKStarView.h; sourceTree = "<group>"; };
		9CC490281D05519D003F7F9E /* YKStarView.m */ = {isa = PBXFileReference; fileEncoding = 4; lastKnownFileType = sourcecode.c.objc; path = YKStarView.m; sourceTree = "<group>"; };
		9CC4902A1D0551AB003F7F9E /* NSString+YKExtension.h */ = {isa = PBXFileReference; fileEncoding = 4; lastKnownFileType = sourcecode.c.h; path = "NSString+YKExtension.h"; sourceTree = "<group>"; };
		9CC4902B1D0551AB003F7F9E /* NSString+YKExtension.m */ = {isa = PBXFileReference; fileEncoding = 4; lastKnownFileType = sourcecode.c.objc; path = "NSString+YKExtension.m"; sourceTree = "<group>"; };
		9CC4902D1D05681E003F7F9E /* YKOtherTableViewCell.h */ = {isa = PBXFileReference; fileEncoding = 4; lastKnownFileType = sourcecode.c.h; path = YKOtherTableViewCell.h; sourceTree = "<group>"; };
		9CC4902E1D05681E003F7F9E /* YKOtherTableViewCell.m */ = {isa = PBXFileReference; fileEncoding = 4; lastKnownFileType = sourcecode.c.objc; path = YKOtherTableViewCell.m; sourceTree = "<group>"; };
		9CC864A01D0669C8007147D1 /* YKRowsTableViewCell.h */ = {isa = PBXFileReference; fileEncoding = 4; lastKnownFileType = sourcecode.c.h; path = YKRowsTableViewCell.h; sourceTree = "<group>"; };
		9CC864A11D0669C8007147D1 /* YKRowsTableViewCell.m */ = {isa = PBXFileReference; fileEncoding = 4; lastKnownFileType = sourcecode.c.objc; path = YKRowsTableViewCell.m; sourceTree = "<group>"; };
		9CC864A31D066B3A007147D1 /* YKMoreViewController.h */ = {isa = PBXFileReference; fileEncoding = 4; lastKnownFileType = sourcecode.c.h; path = YKMoreViewController.h; sourceTree = "<group>"; };
		9CC864A41D066B3A007147D1 /* YKMoreViewController.m */ = {isa = PBXFileReference; fileEncoding = 4; lastKnownFileType = sourcecode.c.objc; path = YKMoreViewController.m; sourceTree = "<group>"; };
		9CC864A61D06725A007147D1 /* YKUtility.h */ = {isa = PBXFileReference; fileEncoding = 4; lastKnownFileType = sourcecode.c.h; path = YKUtility.h; sourceTree = "<group>"; };
		9CC864A71D06725A007147D1 /* YKUtility.m */ = {isa = PBXFileReference; fileEncoding = 4; lastKnownFileType = sourcecode.c.objc; path = YKUtility.m; sourceTree = "<group>"; };
		9CC864A91D0677A5007147D1 /* YKDetailViewController.h */ = {isa = PBXFileReference; fileEncoding = 4; lastKnownFileType = sourcecode.c.h; path = YKDetailViewController.h; sourceTree = "<group>"; };
		9CC864AA1D0677A5007147D1 /* YKDetailViewController.m */ = {isa = PBXFileReference; fileEncoding = 4; lastKnownFileType = sourcecode.c.objc; path = YKDetailViewController.m; sourceTree = "<group>"; };
		9CCFECD01D01291800D1BFA1 /* YKSingleRowTableViewCell.h */ = {isa = PBXFileReference; fileEncoding = 4; lastKnownFileType = sourcecode.c.h; path = YKSingleRowTableViewCell.h; sourceTree = "<group>"; };
		9CCFECD11D01291800D1BFA1 /* YKSingleRowTableViewCell.m */ = {isa = PBXFileReference; fileEncoding = 4; lastKnownFileType = sourcecode.c.objc; path = YKSingleRowTableViewCell.m; sourceTree = "<group>"; };
		BD1BE2701D30BE2000A377A9 /* YKClassifyCell.h */ = {isa = PBXFileReference; fileEncoding = 4; lastKnownFileType = sourcecode.c.h; path = YKClassifyCell.h; sourceTree = "<group>"; };
		BD1BE2711D30BE2000A377A9 /* YKClassifyCell.m */ = {isa = PBXFileReference; fileEncoding = 4; lastKnownFileType = sourcecode.c.objc; path = YKClassifyCell.m; sourceTree = "<group>"; };
		BD1BE2731D30C18900A377A9 /* YKClassify.h */ = {isa = PBXFileReference; fileEncoding = 4; lastKnownFileType = sourcecode.c.h; path = YKClassify.h; sourceTree = "<group>"; };
		BD1BE2741D30C18900A377A9 /* YKClassify.m */ = {isa = PBXFileReference; fileEncoding = 4; lastKnownFileType = sourcecode.c.objc; path = YKClassify.m; sourceTree = "<group>"; };
		BD1BE2761D30C23E00A377A9 /* YKListTags.h */ = {isa = PBXFileReference; fileEncoding = 4; lastKnownFileType = sourcecode.c.h; path = YKListTags.h; sourceTree = "<group>"; };
		BD1BE2771D30C23E00A377A9 /* YKListTags.m */ = {isa = PBXFileReference; fileEncoding = 4; lastKnownFileType = sourcecode.c.objc; path = YKListTags.m; sourceTree = "<group>"; };
		BD1BE2791D30C35A00A377A9 /* YKClassifyAppViewController.h */ = {isa = PBXFileReference; fileEncoding = 4; lastKnownFileType = sourcecode.c.h; path = YKClassifyAppViewController.h; sourceTree = "<group>"; };
		BD1BE27A1D30C35A00A377A9 /* YKClassifyAppViewController.m */ = {isa = PBXFileReference; fileEncoding = 4; lastKnownFileType = sourcecode.c.objc; path = YKClassifyAppViewController.m; sourceTree = "<group>"; };
		BD1BE27C1D30CBAE00A377A9 /* YKConst.h */ = {isa = PBXFileReference; fileEncoding = 4; lastKnownFileType = sourcecode.c.h; path = YKConst.h; sourceTree = "<group>"; };
		BD1BE27D1D30CBAE00A377A9 /* YKConst.m */ = {isa = PBXFileReference; fileEncoding = 4; lastKnownFileType = sourcecode.c.objc; path = YKConst.m; sourceTree = "<group>"; };
		BD1BE27F1D30D18900A377A9 /* UIImageView+XFExtension.h */ = {isa = PBXFileReference; fileEncoding = 4; lastKnownFileType = sourcecode.c.h; path = "UIImageView+XFExtension.h"; sourceTree = "<group>"; };
		BD1BE2801D30D18900A377A9 /* UIImageView+XFExtension.m */ = {isa = PBXFileReference; fileEncoding = 4; lastKnownFileType = sourcecode.c.objc; path = "UIImageView+XFExtension.m"; sourceTree = "<group>"; };
		BD1BE2821D30D4EF00A377A9 /* YKModelConfig.h */ = {isa = PBXFileReference; fileEncoding = 4; lastKnownFileType = sourcecode.c.h; path = YKModelConfig.h; sourceTree = "<group>"; };
		BD1BE2831D30D4EF00A377A9 /* YKModelConfig.m */ = {isa = PBXFileReference; fileEncoding = 4; lastKnownFileType = sourcecode.c.objc; path = YKModelConfig.m; sourceTree = "<group>"; };
		BD1D44C41D308E410048190C /* YKNavgationController.h */ = {isa = PBXFileReference; fileEncoding = 4; lastKnownFileType = sourcecode.c.h; path = YKNavgationController.h; sourceTree = "<group>"; };
		BD1D44C51D308E410048190C /* YKNavgationController.m */ = {isa = PBXFileReference; fileEncoding = 4; lastKnownFileType = sourcecode.c.objc; path = YKNavgationController.m; sourceTree = "<group>"; };
		BD1D44C71D3092120048190C /* YKChatThreeViewController.h */ = {isa = PBXFileReference; fileEncoding = 4; lastKnownFileType = sourcecode.c.h; path = YKChatThreeViewController.h; sourceTree = "<group>"; };
		BD1D44C81D3092120048190C /* YKChatThreeViewController.m */ = {isa = PBXFileReference; fileEncoding = 4; lastKnownFileType = sourcecode.c.objc; path = YKChatThreeViewController.m; sourceTree = "<group>"; };
		BD1D44CA1D309D2C0048190C /* YKAppViewController.h */ = {isa = PBXFileReference; fileEncoding = 4; lastKnownFileType = sourcecode.c.h; path = YKAppViewController.h; sourceTree = "<group>"; };
		BD1D44CB1D309D2C0048190C /* YKAppViewController.m */ = {isa = PBXFileReference; fileEncoding = 4; lastKnownFileType = sourcecode.c.objc; path = YKAppViewController.m; sourceTree = "<group>"; };
		BD1D44CD1D309D3A0048190C /* YKGameViewController.h */ = {isa = PBXFileReference; fileEncoding = 4; lastKnownFileType = sourcecode.c.h; path = YKGameViewController.h; sourceTree = "<group>"; };
		BD1D44CE1D309D3A0048190C /* YKGameViewController.m */ = {isa = PBXFileReference; fileEncoding = 4; lastKnownFileType = sourcecode.c.objc; path = YKGameViewController.m; sourceTree = "<group>"; };
		BD26D5FB1D2F6F3A00ED72ED /* XFRefreshFooter.h */ = {isa = PBXFileReference; fileEncoding = 4; lastKnownFileType = sourcecode.c.h; path = XFRefreshFooter.h; sourceTree = "<group>"; };
		BD26D5FC1D2F6F3A00ED72ED /* XFRefreshFooter.m */ = {isa = PBXFileReference; fileEncoding = 4; lastKnownFileType = sourcecode.c.objc; path = XFRefreshFooter.m; sourceTree = "<group>"; };
		BD26D5FD1D2F6F3A00ED72ED /* XFRefreshHeader.h */ = {isa = PBXFileReference; fileEncoding = 4; lastKnownFileType = sourcecode.c.h; path = XFRefreshHeader.h; sourceTree = "<group>"; };
		BD26D5FE1D2F6F3A00ED72ED /* XFRefreshHeader.m */ = {isa = PBXFileReference; fileEncoding = 4; lastKnownFileType = sourcecode.c.objc; path = XFRefreshHeader.m; sourceTree = "<group>"; };
		BD26D6011D2F6F5A00ED72ED /* XFHTTPSessionManager.h */ = {isa = PBXFileReference; fileEncoding = 4; lastKnownFileType = sourcecode.c.h; path = XFHTTPSessionManager.h; sourceTree = "<group>"; };
		BD26D6021D2F6F5A00ED72ED /* XFHTTPSessionManager.m */ = {isa = PBXFileReference; fileEncoding = 4; lastKnownFileType = sourcecode.c.objc; path = XFHTTPSessionManager.m; sourceTree = "<group>"; };
		BD26D6041D2F9F4100ED72ED /* UIView+XFExtension.h */ = {isa = PBXFileReference; fileEncoding = 4; lastKnownFileType = sourcecode.c.h; path = "UIView+XFExtension.h"; sourceTree = "<group>"; };
		BD26D6051D2F9F4100ED72ED /* UIView+XFExtension.m */ = {isa = PBXFileReference; fileEncoding = 4; lastKnownFileType = sourcecode.c.objc; path = "UIView+XFExtension.m"; sourceTree = "<group>"; };
		BD4A3D5F1D1943180061A2EB /* YKApp.h */ = {isa = PBXFileReference; fileEncoding = 4; lastKnownFileType = sourcecode.c.h; path = YKApp.h; sourceTree = "<group>"; };
		BD4A3D601D1943180061A2EB /* YKApp.m */ = {isa = PBXFileReference; fileEncoding = 4; lastKnownFileType = sourcecode.c.objc; path = YKApp.m; sourceTree = "<group>"; };
		BD99402B1D33327500C061EE /* YKSectionHeaderView.h */ = {isa = PBXFileReference; fileEncoding = 4; lastKnownFileType = sourcecode.c.h; path = YKSectionHeaderView.h; sourceTree = "<group>"; };
		BD99402C1D33327500C061EE /* YKSectionHeaderView.m */ = {isa = PBXFileReference; fileEncoding = 4; lastKnownFileType = sourcecode.c.objc; path = YKSectionHeaderView.m; sourceTree = "<group>"; };
		BD9940331D33615A00C061EE /* YKHomeModel.h */ = {isa = PBXFileReference; fileEncoding = 4; lastKnownFileType = sourcecode.c.h; path = YKHomeModel.h; sourceTree = "<group>"; };
		BD9940341D33615A00C061EE /* YKHomeModel.m */ = {isa = PBXFileReference; fileEncoding = 4; lastKnownFileType = sourcecode.c.objc; path = YKHomeModel.m; sourceTree = "<group>"; };
		BD9940361D33724500C061EE /* YKScrollModel.h */ = {isa = PBXFileReference; fileEncoding = 4; lastKnownFileType = sourcecode.c.h; path = YKScrollModel.h; sourceTree = "<group>"; };
		BD9940371D33724500C061EE /* YKScrollModel.m */ = {isa = PBXFileReference; fileEncoding = 4; lastKnownFileType = sourcecode.c.objc; path = YKScrollModel.m; sourceTree = "<group>"; };
		BD9940391D33885E00C061EE /* YKAppsViewCell.h */ = {isa = PBXFileReference; fileEncoding = 4; lastKnownFileType = sourcecode.c.h; path = YKAppsViewCell.h; sourceTree = "<group>"; };
		BD99403A1D33885E00C061EE /* YKAppsViewCell.m */ = {isa = PBXFileReference; fileEncoding = 4; lastKnownFileType = sourcecode.c.objc; path = YKAppsViewCell.m; sourceTree = "<group>"; };
		BD99403C1D33895A00C061EE /* YKAppsViewController.h */ = {isa = PBXFileReference; fileEncoding = 4; lastKnownFileType = sourcecode.c.h; path = YKAppsViewController.h; sourceTree = "<group>"; };
		BD99403D1D33895A00C061EE /* YKAppsViewController.m */ = {isa = PBXFileReference; fileEncoding = 4; lastKnownFileType = sourcecode.c.objc; path = YKAppsViewController.m; sourceTree = "<group>"; };
		BDE6A3801D23C21400D477A8 /* YKChatViewCell.h */ = {isa = PBXFileReference; fileEncoding = 4; lastKnownFileType = sourcecode.c.h; path = YKChatViewCell.h; sourceTree = "<group>"; };
		BDE6A3811D23C21400D477A8 /* YKChatViewCell.m */ = {isa = PBXFileReference; fileEncoding = 4; lastKnownFileType = sourcecode.c.objc; path = YKChatViewCell.m; sourceTree = "<group>"; };
		BDE6A3831D23CBBC00D477A8 /* YKChatCellModel.h */ = {isa = PBXFileReference; fileEncoding = 4; lastKnownFileType = sourcecode.c.h; path = YKChatCellModel.h; sourceTree = "<group>"; };
		BDE6A3841D23CBBD00D477A8 /* YKChatCellModel.m */ = {isa = PBXFileReference; fileEncoding = 4; lastKnownFileType = sourcecode.c.objc; path = YKChatCellModel.m; sourceTree = "<group>"; };
		BDE6A3861D23D75500D477A8 /* YKChatTwoViewController.h */ = {isa = PBXFileReference; fileEncoding = 4; lastKnownFileType = sourcecode.c.h; path = YKChatTwoViewController.h; sourceTree = "<group>"; };
		BDE6A3871D23D75500D477A8 /* YKChatTwoViewController.m */ = {isa = PBXFileReference; fileEncoding = 4; lastKnownFileType = sourcecode.c.objc; path = YKChatTwoViewController.m; sourceTree = "<group>"; };
		E7350C03B08542AA4F4B9AF8 /* Pods-91助手UITests.release.xcconfig */ = {isa = PBXFileReference; includeInIndex = 1; lastKnownFileType = text.xcconfig; name = "Pods-91助手UITests.release.xcconfig"; path = "Pods/Target Support Files/Pods-91助手UITests/Pods-91助手UITests.release.xcconfig"; sourceTree = "<group>"; };
		F896CE6D5BF04B715F6FD1E6 /* Pods-91助手Tests.debug.xcconfig */ = {isa = PBXFileReference; includeInIndex = 1; lastKnownFileType = text.xcconfig; name = "Pods-91助手Tests.debug.xcconfig"; path = "Pods/Target Support Files/Pods-91助手Tests/Pods-91助手Tests.debug.xcconfig"; sourceTree = "<group>"; };
/* End PBXFileReference section */

/* Begin PBXFrameworksBuildPhase section */
		9C40AD301CF82C5700AF23DE /* Frameworks */ = {
			isa = PBXFrameworksBuildPhase;
			buildActionMask = 2147483647;
			files = (
				E264DAD969B727EF07675E48 /* libPods-91助手.a in Frameworks */,
			);
			runOnlyForDeploymentPostprocessing = 0;
		};
		9C40AD491CF82C5800AF23DE /* Frameworks */ = {
			isa = PBXFrameworksBuildPhase;
			buildActionMask = 2147483647;
			files = (
				10F0623A937DFEA5D1368BD1 /* libPods-91助手Tests.a in Frameworks */,
			);
			runOnlyForDeploymentPostprocessing = 0;
		};
		9C40AD541CF82C5800AF23DE /* Frameworks */ = {
			isa = PBXFrameworksBuildPhase;
			buildActionMask = 2147483647;
			files = (
				2F37A206ACFC7F046691154B /* libPods-91助手UITests.a in Frameworks */,
			);
			runOnlyForDeploymentPostprocessing = 0;
		};
/* End PBXFrameworksBuildPhase section */

/* Begin PBXGroup section */
		785963020F6708EF208A7D92 /* Pods */ = {
			isa = PBXGroup;
			children = (
				91A97F5ADB0EACD582C0C33E /* Pods-91助手.debug.xcconfig */,
				99979C71D0B096DA5618EAC6 /* Pods-91助手.release.xcconfig */,
				F896CE6D5BF04B715F6FD1E6 /* Pods-91助手Tests.debug.xcconfig */,
				5CFD8B700015DDD923ED7E4C /* Pods-91助手Tests.release.xcconfig */,
				5FE7BE38F5467DC28C57E3D4 /* Pods-91助手UITests.debug.xcconfig */,
				E7350C03B08542AA4F4B9AF8 /* Pods-91助手UITests.release.xcconfig */,
			);
			name = Pods;
			sourceTree = "<group>";
		};
		9C0DD7151CFC4A930028E515 /* Category */ = {
			isa = PBXGroup;
			children = (
				BD26D6041D2F9F4100ED72ED /* UIView+XFExtension.h */,
				BD26D6051D2F9F4100ED72ED /* UIView+XFExtension.m */,
				9CC4902A1D0551AB003F7F9E /* NSString+YKExtension.h */,
				9CC4902B1D0551AB003F7F9E /* NSString+YKExtension.m */,
				BD1BE27F1D30D18900A377A9 /* UIImageView+XFExtension.h */,
				BD1BE2801D30D18900A377A9 /* UIImageView+XFExtension.m */,
			);
			path = Category;
			sourceTree = "<group>";
		};
		9C27BDAC1CFFD5AE0016C0F7 /* StartPage(启动页) */ = {
			isa = PBXGroup;
			children = (
				9C27BDAD1CFFD5AE0016C0F7 /* Controller */,
				9C27BDB01CFFD5AE0016C0F7 /* Model */,
				9C27BDB11CFFD5AE0016C0F7 /* View */,
			);
			path = "StartPage(启动页)";
			sourceTree = "<group>";
		};
		9C27BDAD1CFFD5AE0016C0F7 /* Controller */ = {
			isa = PBXGroup;
			children = (
				9C27BDAE1CFFD5AE0016C0F7 /* YKStartPageViewController.h */,
				9C27BDAF1CFFD5AE0016C0F7 /* YKStartPageViewController.m */,
			);
			path = Controller;
			sourceTree = "<group>";
		};
		9C27BDB01CFFD5AE0016C0F7 /* Model */ = {
			isa = PBXGroup;
			children = (
			);
			path = Model;
			sourceTree = "<group>";
		};
		9C27BDB11CFFD5AE0016C0F7 /* View */ = {
			isa = PBXGroup;
			children = (
				9C27BDB21CFFD5AE0016C0F7 /* YKStartPageScrollView.h */,
				9C27BDB31CFFD5AE0016C0F7 /* YKStartPageScrollView.m */,
			);
			path = View;
			sourceTree = "<group>";
		};
		9C40AD2A1CF82C5700AF23DE = {
			isa = PBXGroup;
			children = (
				9C40AD351CF82C5700AF23DE /* 91助手 */,
				9C40AD4F1CF82C5800AF23DE /* 91助手Tests */,
				9C40AD5A1CF82C5800AF23DE /* 91助手UITests */,
				9C40AD341CF82C5700AF23DE /* Products */,
				785963020F6708EF208A7D92 /* Pods */,
				A5EBB4C5EB3378E77D4F2C44 /* Frameworks */,
			);
			sourceTree = "<group>";
		};
		9C40AD341CF82C5700AF23DE /* Products */ = {
			isa = PBXGroup;
			children = (
				9C40AD331CF82C5700AF23DE /* 91助手.app */,
				9C40AD4C1CF82C5800AF23DE /* 91助手Tests.xctest */,
				9C40AD571CF82C5800AF23DE /* 91助手UITests.xctest */,
			);
			name = Products;
			sourceTree = "<group>";
		};
		9C40AD351CF82C5700AF23DE /* 91助手 */ = {
			isa = PBXGroup;
			children = (
				9C5BDD601CF9D928008CE12F /* Common(公用类) */,
				9C5BDD701CF9D928008CE12F /* Until(工具类) */,
				9C27BDAC1CFFD5AE0016C0F7 /* StartPage(启动页) */,
				9C5BDD641CF9D928008CE12F /* Home(首页) */,
				9C5BDD581CF9D928008CE12F /* Chat(聊吧) */,
				9C5BDD5C1CF9D928008CE12F /* Classify(分类) */,
				9C5BDD6C1CF9D928008CE12F /* Search(搜索) */,
				9C5BDD681CF9D928008CE12F /* Other */,
				9C40AD361CF82C5700AF23DE /* Supporting Files */,
			);
			path = "91助手";
			sourceTree = "<group>";
		};
		9C40AD361CF82C5700AF23DE /* Supporting Files */ = {
			isa = PBXGroup;
			children = (
				9C0DD7141CFC4A290028E515 /* PrefixHeader.pch */,
				9C40AD421CF82C5700AF23DE /* Assets.xcassets */,
				9C40AD441CF82C5700AF23DE /* LaunchScreen.storyboard */,
				9C40AD471CF82C5700AF23DE /* Info.plist */,
			);
			name = "Supporting Files";
			sourceTree = "<group>";
		};
		9C40AD4F1CF82C5800AF23DE /* 91助手Tests */ = {
			isa = PBXGroup;
			children = (
				9C40AD501CF82C5800AF23DE /* _1__Tests.m */,
				9C40AD521CF82C5800AF23DE /* Info.plist */,
			);
			path = "91助手Tests";
			sourceTree = "<group>";
		};
		9C40AD5A1CF82C5800AF23DE /* 91助手UITests */ = {
			isa = PBXGroup;
			children = (
				9C40AD5B1CF82C5800AF23DE /* _1__UITests.m */,
				9C40AD5D1CF82C5800AF23DE /* Info.plist */,
			);
			path = "91助手UITests";
			sourceTree = "<group>";
		};
		9C5BDD581CF9D928008CE12F /* Chat(聊吧) */ = {
			isa = PBXGroup;
			children = (
				9C5BDD591CF9D928008CE12F /* Controller */,
				9C5BDD5A1CF9D928008CE12F /* Model */,
				9C5BDD5B1CF9D928008CE12F /* View */,
			);
			path = "Chat(聊吧)";
			sourceTree = "<group>";
		};
		9C5BDD591CF9D928008CE12F /* Controller */ = {
			isa = PBXGroup;
			children = (
				9C0DD6ED1CFBF19A0028E515 /* YKChatViewController.h */,
				9C0DD6EE1CFBF19A0028E515 /* YKChatViewController.m */,
				BDE6A3861D23D75500D477A8 /* YKChatTwoViewController.h */,
				BDE6A3871D23D75500D477A8 /* YKChatTwoViewController.m */,
				BD1D44C71D3092120048190C /* YKChatThreeViewController.h */,
				BD1D44C81D3092120048190C /* YKChatThreeViewController.m */,
			);
			path = Controller;
			sourceTree = "<group>";
		};
		9C5BDD5A1CF9D928008CE12F /* Model */ = {
			isa = PBXGroup;
			children = (
				BDE6A3831D23CBBC00D477A8 /* YKChatCellModel.h */,
				BDE6A3841D23CBBD00D477A8 /* YKChatCellModel.m */,
			);
			path = Model;
			sourceTree = "<group>";
		};
		9C5BDD5B1CF9D928008CE12F /* View */ = {
			isa = PBXGroup;
			children = (
				BDE6A3801D23C21400D477A8 /* YKChatViewCell.h */,
				BDE6A3811D23C21400D477A8 /* YKChatViewCell.m */,
			);
			path = View;
			sourceTree = "<group>";
		};
		9C5BDD5C1CF9D928008CE12F /* Classify(分类) */ = {
			isa = PBXGroup;
			children = (
				9C5BDD5D1CF9D928008CE12F /* Controller */,
				9C5BDD5E1CF9D928008CE12F /* Model */,
				9C5BDD5F1CF9D928008CE12F /* View */,
			);
			path = "Classify(分类)";
			sourceTree = "<group>";
		};
		9C5BDD5D1CF9D928008CE12F /* Controller */ = {
			isa = PBXGroup;
			children = (
				9C0DD6F01CFBF1AF0028E515 /* YKClassifyViewController.h */,
				9C0DD6F11CFBF1AF0028E515 /* YKClassifyViewController.m */,
				BD1BE2791D30C35A00A377A9 /* YKClassifyAppViewController.h */,
				BD1BE27A1D30C35A00A377A9 /* YKClassifyAppViewController.m */,
				BD1D44CA1D309D2C0048190C /* YKAppViewController.h */,
				BD1D44CB1D309D2C0048190C /* YKAppViewController.m */,
				BD1D44CD1D309D3A0048190C /* YKGameViewController.h */,
				BD1D44CE1D309D3A0048190C /* YKGameViewController.m */,
			);
			path = Controller;
			sourceTree = "<group>";
		};
		9C5BDD5E1CF9D928008CE12F /* Model */ = {
			isa = PBXGroup;
			children = (
				BD1BE2731D30C18900A377A9 /* YKClassify.h */,
				BD1BE2741D30C18900A377A9 /* YKClassify.m */,
				BD1BE2761D30C23E00A377A9 /* YKListTags.h */,
				BD1BE2771D30C23E00A377A9 /* YKListTags.m */,
			);
			path = Model;
			sourceTree = "<group>";
		};
		9C5BDD5F1CF9D928008CE12F /* View */ = {
			isa = PBXGroup;
			children = (
				BD1BE2701D30BE2000A377A9 /* YKClassifyCell.h */,
				BD1BE2711D30BE2000A377A9 /* YKClassifyCell.m */,
			);
			path = View;
			sourceTree = "<group>";
		};
		9C5BDD601CF9D928008CE12F /* Common(公用类) */ = {
			isa = PBXGroup;
			children = (
				9C5BDD611CF9D928008CE12F /* Controller */,
				9C5BDD621CF9D928008CE12F /* Model */,
				9C5BDD631CF9D928008CE12F /* View */,
			);
			path = "Common(公用类)";
			sourceTree = "<group>";
		};
		9C5BDD611CF9D928008CE12F /* Controller */ = {
			isa = PBXGroup;
			children = (
				9C0DD6F31CFBF1BF0028E515 /* YKBaseViewController.h */,
				9C0DD6F41CFBF1BF0028E515 /* YKBaseViewController.m */,
				9C0DD6F51CFBF1BF0028E515 /* YKRootViewController.h */,
				9C0DD6F61CFBF1BF0028E515 /* YKRootViewController.m */,
				BD1D44C41D308E410048190C /* YKNavgationController.h */,
				BD1D44C51D308E410048190C /* YKNavgationController.m */,
			);
			path = Controller;
			sourceTree = "<group>";
		};
		9C5BDD621CF9D928008CE12F /* Model */ = {
			isa = PBXGroup;
			children = (
			);
			path = Model;
			sourceTree = "<group>";
		};
		9C5BDD631CF9D928008CE12F /* View */ = {
			isa = PBXGroup;
			children = (
				9CC490271D05519D003F7F9E /* YKStarView.h */,
				9CC490281D05519D003F7F9E /* YKStarView.m */,
			);
			path = View;
			sourceTree = "<group>";
		};
		9C5BDD641CF9D928008CE12F /* Home(首页) */ = {
			isa = PBXGroup;
			children = (
				9C5BDD651CF9D928008CE12F /* Controller */,
				9C5BDD661CF9D928008CE12F /* Model */,
				9C5BDD671CF9D928008CE12F /* View */,
			);
			path = "Home(首页)";
			sourceTree = "<group>";
		};
		9C5BDD651CF9D928008CE12F /* Controller */ = {
			isa = PBXGroup;
			children = (
				9C0DD6F91CFBF1CF0028E515 /* YKHomeViewController.h */,
				9C0DD6FA1CFBF1CF0028E515 /* YKHomeViewController.m */,
				9CC864A31D066B3A007147D1 /* YKMoreViewController.h */,
				9CC864A41D066B3A007147D1 /* YKMoreViewController.m */,
				9CC864A91D0677A5007147D1 /* YKDetailViewController.h */,
				9CC864AA1D0677A5007147D1 /* YKDetailViewController.m */,
				BD99403C1D33895A00C061EE /* YKAppsViewController.h */,
				BD99403D1D33895A00C061EE /* YKAppsViewController.m */,
			);
			path = Controller;
			sourceTree = "<group>";
		};
		9C5BDD661CF9D928008CE12F /* Model */ = {
			isa = PBXGroup;
			children = (
				BD4A3D5F1D1943180061A2EB /* YKApp.h */,
				BD4A3D601D1943180061A2EB /* YKApp.m */,
				BD9940331D33615A00C061EE /* YKHomeModel.h */,
				BD9940341D33615A00C061EE /* YKHomeModel.m */,
				BD9940361D33724500C061EE /* YKScrollModel.h */,
				BD9940371D33724500C061EE /* YKScrollModel.m */,
			);
			path = Model;
			sourceTree = "<group>";
		};
		9C5BDD671CF9D928008CE12F /* View */ = {
			isa = PBXGroup;
			children = (
				9C27BDB81CFFECF20016C0F7 /* YKScrollPagingView.h */,
				9C27BDB61CFFECE90016C0F7 /* YKScrollPagingView.m */,
				9CCFECD01D01291800D1BFA1 /* YKSingleRowTableViewCell.h */,
				9CCFECD11D01291800D1BFA1 /* YKSingleRowTableViewCell.m */,
				9CC864A01D0669C8007147D1 /* YKRowsTableViewCell.h */,
				9CC864A11D0669C8007147D1 /* YKRowsTableViewCell.m */,
				9CC4902D1D05681E003F7F9E /* YKOtherTableViewCell.h */,
				9CC4902E1D05681E003F7F9E /* YKOtherTableViewCell.m */,
				BD99402B1D33327500C061EE /* YKSectionHeaderView.h */,
				BD99402C1D33327500C061EE /* YKSectionHeaderView.m */,
				BD9940391D33885E00C061EE /* YKAppsViewCell.h */,
				BD99403A1D33885E00C061EE /* YKAppsViewCell.m */,
			);
			path = View;
			sourceTree = "<group>";
		};
		9C5BDD681CF9D928008CE12F /* Other */ = {
			isa = PBXGroup;
			children = (
				BD26D5FB1D2F6F3A00ED72ED /* XFRefreshFooter.h */,
				BD26D5FC1D2F6F3A00ED72ED /* XFRefreshFooter.m */,
				BD26D5FD1D2F6F3A00ED72ED /* XFRefreshHeader.h */,
				BD26D5FE1D2F6F3A00ED72ED /* XFRefreshHeader.m */,
				BD26D6011D2F6F5A00ED72ED /* XFHTTPSessionManager.h */,
				BD26D6021D2F6F5A00ED72ED /* XFHTTPSessionManager.m */,
				9C5BDD691CF9D928008CE12F /* AppDelegate.h */,
				9C5BDD6A1CF9D928008CE12F /* AppDelegate.m */,
				9C5BDD6B1CF9D928008CE12F /* main.m */,
				BD1BE27C1D30CBAE00A377A9 /* YKConst.h */,
				BD1BE27D1D30CBAE00A377A9 /* YKConst.m */,
				BD1BE2821D30D4EF00A377A9 /* YKModelConfig.h */,
				BD1BE2831D30D4EF00A377A9 /* YKModelConfig.m */,
			);
			path = Other;
			sourceTree = "<group>";
		};
		9C5BDD6C1CF9D928008CE12F /* Search(搜索) */ = {
			isa = PBXGroup;
			children = (
				9C5BDD6D1CF9D928008CE12F /* Controller */,
				9C5BDD6E1CF9D928008CE12F /* Model */,
				9C5BDD6F1CF9D928008CE12F /* View */,
			);
			path = "Search(搜索)";
			sourceTree = "<group>";
		};
		9C5BDD6D1CF9D928008CE12F /* Controller */ = {
			isa = PBXGroup;
			children = (
				9C0DD6FF1CFBF73F0028E515 /* YKSearchViewController.h */,
				9C0DD7001CFBF73F0028E515 /* YKSearchViewController.m */,
			);
			path = Controller;
			sourceTree = "<group>";
		};
		9C5BDD6E1CF9D928008CE12F /* Model */ = {
			isa = PBXGroup;
			children = (
			);
			path = Model;
			sourceTree = "<group>";
		};
		9C5BDD6F1CF9D928008CE12F /* View */ = {
			isa = PBXGroup;
			children = (
			);
			path = View;
			sourceTree = "<group>";
		};
		9C5BDD701CF9D928008CE12F /* Until(工具类) */ = {
			isa = PBXGroup;
			children = (
				9C0DD7151CFC4A930028E515 /* Category */,
				9CC864A61D06725A007147D1 /* YKUtility.h */,
				9CC864A71D06725A007147D1 /* YKUtility.m */,
			);
			path = "Until(工具类)";
			sourceTree = "<group>";
		};
		A5EBB4C5EB3378E77D4F2C44 /* Frameworks */ = {
			isa = PBXGroup;
			children = (
				7B3A9C298613768F3D499A30 /* libPods-91助手.a */,
				08F1C016BD6DC6BCB108BEFA /* libPods-91助手Tests.a */,
				7516E2DFAB4115C84C5CDB2D /* libPods-91助手UITests.a */,
			);
			name = Frameworks;
			sourceTree = "<group>";
		};
/* End PBXGroup section */

/* Begin PBXNativeTarget section */
		9C40AD321CF82C5700AF23DE /* 91助手 */ = {
			isa = PBXNativeTarget;
			buildConfigurationList = 9C40AD601CF82C5800AF23DE /* Build configuration list for PBXNativeTarget "91助手" */;
			buildPhases = (
				5A8FEE369919CC2AA5DBCD37 /* 📦 Check Pods Manifest.lock */,
				9C40AD2F1CF82C5700AF23DE /* Sources */,
				9C40AD301CF82C5700AF23DE /* Frameworks */,
				9C40AD311CF82C5700AF23DE /* Resources */,
				BF5461283A65A58D3EA5A80C /* 📦 Embed Pods Frameworks */,
				8B6512CD4203962763C8985D /* 📦 Copy Pods Resources */,
			);
			buildRules = (
			);
			dependencies = (
			);
			name = "91助手";
			productName = "91助手";
			productReference = 9C40AD331CF82C5700AF23DE /* 91助手.app */;
			productType = "com.apple.product-type.application";
		};
		9C40AD4B1CF82C5800AF23DE /* 91助手Tests */ = {
			isa = PBXNativeTarget;
			buildConfigurationList = 9C40AD631CF82C5800AF23DE /* Build configuration list for PBXNativeTarget "91助手Tests" */;
			buildPhases = (
				D91B6793068069776752ACBE /* 📦 Check Pods Manifest.lock */,
				9C40AD481CF82C5800AF23DE /* Sources */,
				9C40AD491CF82C5800AF23DE /* Frameworks */,
				9C40AD4A1CF82C5800AF23DE /* Resources */,
				3ABC79B9AE1BBF4B920B3797 /* 📦 Embed Pods Frameworks */,
				956F3CCEABE529B2147CB93E /* 📦 Copy Pods Resources */,
			);
			buildRules = (
			);
			dependencies = (
				9C40AD4E1CF82C5800AF23DE /* PBXTargetDependency */,
			);
			name = "91助手Tests";
			productName = "91助手Tests";
			productReference = 9C40AD4C1CF82C5800AF23DE /* 91助手Tests.xctest */;
			productType = "com.apple.product-type.bundle.unit-test";
		};
		9C40AD561CF82C5800AF23DE /* 91助手UITests */ = {
			isa = PBXNativeTarget;
			buildConfigurationList = 9C40AD661CF82C5800AF23DE /* Build configuration list for PBXNativeTarget "91助手UITests" */;
			buildPhases = (
				95AE4E3643349BC7B42E7039 /* 📦 Check Pods Manifest.lock */,
				9C40AD531CF82C5800AF23DE /* Sources */,
				9C40AD541CF82C5800AF23DE /* Frameworks */,
				9C40AD551CF82C5800AF23DE /* Resources */,
				F0EC2814D622DDEB5742C45B /* 📦 Copy Pods Resources */,
			);
			buildRules = (
			);
			dependencies = (
				9C40AD591CF82C5800AF23DE /* PBXTargetDependency */,
			);
			name = "91助手UITests";
			productName = "91助手UITests";
			productReference = 9C40AD571CF82C5800AF23DE /* 91助手UITests.xctest */;
			productType = "com.apple.product-type.bundle.ui-testing";
		};
/* End PBXNativeTarget section */

/* Begin PBXProject section */
		9C40AD2B1CF82C5700AF23DE /* Project object */ = {
			isa = PBXProject;
			attributes = {
				LastUpgradeCheck = 0720;
				ORGANIZATIONNAME = YK;
				TargetAttributes = {
					9C40AD321CF82C5700AF23DE = {
						CreatedOnToolsVersion = 7.2.1;
						DevelopmentTeam = V5T362FM3J;
					};
					9C40AD4B1CF82C5800AF23DE = {
						CreatedOnToolsVersion = 7.2.1;
						DevelopmentTeam = 54Y498954X;
						TestTargetID = 9C40AD321CF82C5700AF23DE;
					};
					9C40AD561CF82C5800AF23DE = {
						CreatedOnToolsVersion = 7.2.1;
						DevelopmentTeam = 54Y498954X;
						TestTargetID = 9C40AD321CF82C5700AF23DE;
					};
				};
			};
			buildConfigurationList = 9C40AD2E1CF82C5700AF23DE /* Build configuration list for PBXProject "91助手" */;
			compatibilityVersion = "Xcode 3.2";
			developmentRegion = English;
			hasScannedForEncodings = 0;
			knownRegions = (
				en,
				Base,
			);
			mainGroup = 9C40AD2A1CF82C5700AF23DE;
			productRefGroup = 9C40AD341CF82C5700AF23DE /* Products */;
			projectDirPath = "";
			projectRoot = "";
			targets = (
				9C40AD321CF82C5700AF23DE /* 91助手 */,
				9C40AD4B1CF82C5800AF23DE /* 91助手Tests */,
				9C40AD561CF82C5800AF23DE /* 91助手UITests */,
			);
		};
/* End PBXProject section */

/* Begin PBXResourcesBuildPhase section */
		9C40AD311CF82C5700AF23DE /* Resources */ = {
			isa = PBXResourcesBuildPhase;
			buildActionMask = 2147483647;
			files = (
				9C40AD461CF82C5700AF23DE /* LaunchScreen.storyboard in Resources */,
				9C40AD431CF82C5700AF23DE /* Assets.xcassets in Resources */,
			);
			runOnlyForDeploymentPostprocessing = 0;
		};
		9C40AD4A1CF82C5800AF23DE /* Resources */ = {
			isa = PBXResourcesBuildPhase;
			buildActionMask = 2147483647;
			files = (
			);
			runOnlyForDeploymentPostprocessing = 0;
		};
		9C40AD551CF82C5800AF23DE /* Resources */ = {
			isa = PBXResourcesBuildPhase;
			buildActionMask = 2147483647;
			files = (
			);
			runOnlyForDeploymentPostprocessing = 0;
		};
/* End PBXResourcesBuildPhase section */

/* Begin PBXShellScriptBuildPhase section */
		3ABC79B9AE1BBF4B920B3797 /* 📦 Embed Pods Frameworks */ = {
			isa = PBXShellScriptBuildPhase;
			buildActionMask = 2147483647;
			files = (
			);
			inputPaths = (
			);
			name = "📦 Embed Pods Frameworks";
			outputPaths = (
			);
			runOnlyForDeploymentPostprocessing = 0;
			shellPath = /bin/sh;
			shellScript = "\"${SRCROOT}/Pods/Target Support Files/Pods-91助手Tests/Pods-91助手Tests-frameworks.sh\"\n";
			showEnvVarsInLog = 0;
		};
		5A8FEE369919CC2AA5DBCD37 /* 📦 Check Pods Manifest.lock */ = {
			isa = PBXShellScriptBuildPhase;
			buildActionMask = 2147483647;
			files = (
			);
			inputPaths = (
			);
			name = "📦 Check Pods Manifest.lock";
			outputPaths = (
			);
			runOnlyForDeploymentPostprocessing = 0;
			shellPath = /bin/sh;
			shellScript = "diff \"${PODS_ROOT}/../Podfile.lock\" \"${PODS_ROOT}/Manifest.lock\" > /dev/null\nif [[ $? != 0 ]] ; then\n    cat << EOM\nerror: The sandbox is not in sync with the Podfile.lock. Run 'pod install' or update your CocoaPods installation.\nEOM\n    exit 1\nfi\n";
			showEnvVarsInLog = 0;
		};
		8B6512CD4203962763C8985D /* 📦 Copy Pods Resources */ = {
			isa = PBXShellScriptBuildPhase;
			buildActionMask = 2147483647;
			files = (
			);
			inputPaths = (
			);
			name = "📦 Copy Pods Resources";
			outputPaths = (
			);
			runOnlyForDeploymentPostprocessing = 0;
			shellPath = /bin/sh;
			shellScript = "\"${SRCROOT}/Pods/Target Support Files/Pods-91助手/Pods-91助手-resources.sh\"\n";
			showEnvVarsInLog = 0;
		};
		956F3CCEABE529B2147CB93E /* 📦 Copy Pods Resources */ = {
			isa = PBXShellScriptBuildPhase;
			buildActionMask = 2147483647;
			files = (
			);
			inputPaths = (
			);
			name = "📦 Copy Pods Resources";
			outputPaths = (
			);
			runOnlyForDeploymentPostprocessing = 0;
			shellPath = /bin/sh;
			shellScript = "\"${SRCROOT}/Pods/Target Support Files/Pods-91助手Tests/Pods-91助手Tests-resources.sh\"\n";
			showEnvVarsInLog = 0;
		};
		95AE4E3643349BC7B42E7039 /* 📦 Check Pods Manifest.lock */ = {
			isa = PBXShellScriptBuildPhase;
			buildActionMask = 2147483647;
			files = (
			);
			inputPaths = (
			);
			name = "📦 Check Pods Manifest.lock";
			outputPaths = (
			);
			runOnlyForDeploymentPostprocessing = 0;
			shellPath = /bin/sh;
			shellScript = "diff \"${PODS_ROOT}/../Podfile.lock\" \"${PODS_ROOT}/Manifest.lock\" > /dev/null\nif [[ $? != 0 ]] ; then\n    cat << EOM\nerror: The sandbox is not in sync with the Podfile.lock. Run 'pod install' or update your CocoaPods installation.\nEOM\n    exit 1\nfi\n";
			showEnvVarsInLog = 0;
		};
		BF5461283A65A58D3EA5A80C /* 📦 Embed Pods Frameworks */ = {
			isa = PBXShellScriptBuildPhase;
			buildActionMask = 2147483647;
			files = (
			);
			inputPaths = (
			);
			name = "📦 Embed Pods Frameworks";
			outputPaths = (
			);
			runOnlyForDeploymentPostprocessing = 0;
			shellPath = /bin/sh;
			shellScript = "\"${SRCROOT}/Pods/Target Support Files/Pods-91助手/Pods-91助手-frameworks.sh\"\n";
			showEnvVarsInLog = 0;
		};
		D91B6793068069776752ACBE /* 📦 Check Pods Manifest.lock */ = {
			isa = PBXShellScriptBuildPhase;
			buildActionMask = 2147483647;
			files = (
			);
			inputPaths = (
			);
			name = "📦 Check Pods Manifest.lock";
			outputPaths = (
			);
			runOnlyForDeploymentPostprocessing = 0;
			shellPath = /bin/sh;
			shellScript = "diff \"${PODS_ROOT}/../Podfile.lock\" \"${PODS_ROOT}/Manifest.lock\" > /dev/null\nif [[ $? != 0 ]] ; then\n    cat << EOM\nerror: The sandbox is not in sync with the Podfile.lock. Run 'pod install' or update your CocoaPods installation.\nEOM\n    exit 1\nfi\n";
			showEnvVarsInLog = 0;
		};
		F0EC2814D622DDEB5742C45B /* 📦 Copy Pods Resources */ = {
			isa = PBXShellScriptBuildPhase;
			buildActionMask = 2147483647;
			files = (
			);
			inputPaths = (
			);
			name = "📦 Copy Pods Resources";
			outputPaths = (
			);
			runOnlyForDeploymentPostprocessing = 0;
			shellPath = /bin/sh;
			shellScript = "\"${SRCROOT}/Pods/Target Support Files/Pods-91助手UITests/Pods-91助手UITests-resources.sh\"\n";
			showEnvVarsInLog = 0;
		};
/* End PBXShellScriptBuildPhase section */

/* Begin PBXSourcesBuildPhase section */
		9C40AD2F1CF82C5700AF23DE /* Sources */ = {
			isa = PBXSourcesBuildPhase;
			buildActionMask = 2147483647;
			files = (
				BD99403E1D33895A00C061EE /* YKAppsViewController.m in Sources */,
				BDE6A3821D23C21400D477A8 /* YKChatViewCell.m in Sources */,
				BDE6A3851D23CBBD00D477A8 /* YKChatCellModel.m in Sources */,
				9CC864A81D06725A007147D1 /* YKUtility.m in Sources */,
				9CCFECD21D01291800D1BFA1 /* YKSingleRowTableViewCell.m in Sources */,
				9C27BDB41CFFD5AE0016C0F7 /* YKStartPageViewController.m in Sources */,
				BD1BE2781D30C23E00A377A9 /* YKListTags.m in Sources */,
				9C0DD6F81CFBF1BF0028E515 /* YKRootViewController.m in Sources */,
				BD1D44CC1D309D2C0048190C /* YKAppViewController.m in Sources */,
				BD26D5FF1D2F6F3A00ED72ED /* XFRefreshFooter.m in Sources */,
				BD26D6061D2F9F4100ED72ED /* UIView+XFExtension.m in Sources */,
				BDE6A3881D23D75500D477A8 /* YKChatTwoViewController.m in Sources */,
				BD1BE27E1D30CBAE00A377A9 /* YKConst.m in Sources */,
				BD1BE2841D30D4EF00A377A9 /* YKModelConfig.m in Sources */,
				BD4A3D611D1943180061A2EB /* YKApp.m in Sources */,
				9C27BDB71CFFECE90016C0F7 /* YKScrollPagingView.m in Sources */,
				BD1D44C91D3092120048190C /* YKChatThreeViewController.m in Sources */,
				BD1BE2721D30BE2000A377A9 /* YKClassifyCell.m in Sources */,
				9CC4902C1D0551AB003F7F9E /* NSString+YKExtension.m in Sources */,
				BD99403B1D33885E00C061EE /* YKAppsViewCell.m in Sources */,
				BD1D44CF1D309D3A0048190C /* YKGameViewController.m in Sources */,
				9C5BDD721CF9D928008CE12F /* main.m in Sources */,
				9C27BDB51CFFD5AE0016C0F7 /* YKStartPageScrollView.m in Sources */,
				BD26D6001D2F6F3A00ED72ED /* XFRefreshHeader.m in Sources */,
				BD9940351D33615A00C061EE /* YKHomeModel.m in Sources */,
				BD1BE2751D30C18900A377A9 /* YKClassify.m in Sources */,
				9CC864AB1D0677A5007147D1 /* YKDetailViewController.m in Sources */,
				9C5BDD711CF9D928008CE12F /* AppDelegate.m in Sources */,
				BD1D44C61D308E410048190C /* YKNavgationController.m in Sources */,
				BD9940381D33724500C061EE /* YKScrollModel.m in Sources */,
				9CC490291D05519D003F7F9E /* YKStarView.m in Sources */,
				9CC4902F1D05681E003F7F9E /* YKOtherTableViewCell.m in Sources */,
				9C0DD6FB1CFBF1CF0028E515 /* YKHomeViewController.m in Sources */,
				BD1BE2811D30D18900A377A9 /* UIImageView+XFExtension.m in Sources */,
				9C0DD7011CFBF73F0028E515 /* YKSearchViewController.m in Sources */,
				9CC864A21D0669C8007147D1 /* YKRowsTableViewCell.m in Sources */,
				BD1BE27B1D30C35A00A377A9 /* YKClassifyAppViewController.m in Sources */,
				9C0DD6F21CFBF1AF0028E515 /* YKClassifyViewController.m in Sources */,
				9CC864A51D066B3A007147D1 /* YKMoreViewController.m in Sources */,
				BD99402D1D33327500C061EE /* YKSectionHeaderView.m in Sources */,
				BD26D6031D2F6F5A00ED72ED /* XFHTTPSessionManager.m in Sources */,
				9C0DD6EF1CFBF19A0028E515 /* YKChatViewController.m in Sources */,
				9C0DD6F71CFBF1BF0028E515 /* YKBaseViewController.m in Sources */,
			);
			runOnlyForDeploymentPostprocessing = 0;
		};
		9C40AD481CF82C5800AF23DE /* Sources */ = {
			isa = PBXSourcesBuildPhase;
			buildActionMask = 2147483647;
			files = (
				9C40AD511CF82C5800AF23DE /* _1__Tests.m in Sources */,
			);
			runOnlyForDeploymentPostprocessing = 0;
		};
		9C40AD531CF82C5800AF23DE /* Sources */ = {
			isa = PBXSourcesBuildPhase;
			buildActionMask = 2147483647;
			files = (
				9C40AD5C1CF82C5800AF23DE /* _1__UITests.m in Sources */,
			);
			runOnlyForDeploymentPostprocessing = 0;
		};
/* End PBXSourcesBuildPhase section */

/* Begin PBXTargetDependency section */
		9C40AD4E1CF82C5800AF23DE /* PBXTargetDependency */ = {
			isa = PBXTargetDependency;
			target = 9C40AD321CF82C5700AF23DE /* 91助手 */;
			targetProxy = 9C40AD4D1CF82C5800AF23DE /* PBXContainerItemProxy */;
		};
		9C40AD591CF82C5800AF23DE /* PBXTargetDependency */ = {
			isa = PBXTargetDependency;
			target = 9C40AD321CF82C5700AF23DE /* 91助手 */;
			targetProxy = 9C40AD581CF82C5800AF23DE /* PBXContainerItemProxy */;
		};
/* End PBXTargetDependency section */

/* Begin PBXVariantGroup section */
		9C40AD441CF82C5700AF23DE /* LaunchScreen.storyboard */ = {
			isa = PBXVariantGroup;
			children = (
				9C40AD451CF82C5700AF23DE /* Base */,
			);
			name = LaunchScreen.storyboard;
			sourceTree = "<group>";
		};
/* End PBXVariantGroup section */

/* Begin XCBuildConfiguration section */
		9C40AD5E1CF82C5800AF23DE /* Debug */ = {
			isa = XCBuildConfiguration;
			buildSettings = {
				ALWAYS_SEARCH_USER_PATHS = NO;
				CLANG_CXX_LANGUAGE_STANDARD = "gnu++0x";
				CLANG_CXX_LIBRARY = "libc++";
				CLANG_ENABLE_MODULES = YES;
				CLANG_ENABLE_OBJC_ARC = YES;
				CLANG_WARN_BOOL_CONVERSION = YES;
				CLANG_WARN_CONSTANT_CONVERSION = YES;
				CLANG_WARN_DIRECT_OBJC_ISA_USAGE = YES_ERROR;
				CLANG_WARN_EMPTY_BODY = YES;
				CLANG_WARN_ENUM_CONVERSION = YES;
				CLANG_WARN_INT_CONVERSION = YES;
				CLANG_WARN_OBJC_ROOT_CLASS = YES_ERROR;
				CLANG_WARN_UNREACHABLE_CODE = YES;
				CLANG_WARN__DUPLICATE_METHOD_MATCH = YES;
				"CODE_SIGN_IDENTITY[sdk=iphoneos*]" = "iPhone Developer";
				COPY_PHASE_STRIP = NO;
				DEBUG_INFORMATION_FORMAT = dwarf;
				ENABLE_STRICT_OBJC_MSGSEND = YES;
				ENABLE_TESTABILITY = YES;
				GCC_C_LANGUAGE_STANDARD = gnu99;
				GCC_DYNAMIC_NO_PIC = NO;
				GCC_NO_COMMON_BLOCKS = YES;
				GCC_OPTIMIZATION_LEVEL = 0;
				GCC_PREPROCESSOR_DEFINITIONS = (
					"DEBUG=1",
					"$(inherited)",
				);
				GCC_WARN_64_TO_32_BIT_CONVERSION = YES;
				GCC_WARN_ABOUT_RETURN_TYPE = YES_ERROR;
				GCC_WARN_UNDECLARED_SELECTOR = YES;
				GCC_WARN_UNINITIALIZED_AUTOS = YES_AGGRESSIVE;
				GCC_WARN_UNUSED_FUNCTION = YES;
				GCC_WARN_UNUSED_VARIABLE = YES;
				IPHONEOS_DEPLOYMENT_TARGET = 9.2;
				MTL_ENABLE_DEBUG_INFO = YES;
				ONLY_ACTIVE_ARCH = YES;
				SDKROOT = iphoneos;
			};
			name = Debug;
		};
		9C40AD5F1CF82C5800AF23DE /* Release */ = {
			isa = XCBuildConfiguration;
			buildSettings = {
				ALWAYS_SEARCH_USER_PATHS = NO;
				CLANG_CXX_LANGUAGE_STANDARD = "gnu++0x";
				CLANG_CXX_LIBRARY = "libc++";
				CLANG_ENABLE_MODULES = YES;
				CLANG_ENABLE_OBJC_ARC = YES;
				CLANG_WARN_BOOL_CONVERSION = YES;
				CLANG_WARN_CONSTANT_CONVERSION = YES;
				CLANG_WARN_DIRECT_OBJC_ISA_USAGE = YES_ERROR;
				CLANG_WARN_EMPTY_BODY = YES;
				CLANG_WARN_ENUM_CONVERSION = YES;
				CLANG_WARN_INT_CONVERSION = YES;
				CLANG_WARN_OBJC_ROOT_CLASS = YES_ERROR;
				CLANG_WARN_UNREACHABLE_CODE = YES;
				CLANG_WARN__DUPLICATE_METHOD_MATCH = YES;
				"CODE_SIGN_IDENTITY[sdk=iphoneos*]" = "iPhone Developer";
				COPY_PHASE_STRIP = NO;
				DEBUG_INFORMATION_FORMAT = "dwarf-with-dsym";
				ENABLE_NS_ASSERTIONS = NO;
				ENABLE_STRICT_OBJC_MSGSEND = YES;
				GCC_C_LANGUAGE_STANDARD = gnu99;
				GCC_NO_COMMON_BLOCKS = YES;
				GCC_WARN_64_TO_32_BIT_CONVERSION = YES;
				GCC_WARN_ABOUT_RETURN_TYPE = YES_ERROR;
				GCC_WARN_UNDECLARED_SELECTOR = YES;
				GCC_WARN_UNINITIALIZED_AUTOS = YES_AGGRESSIVE;
				GCC_WARN_UNUSED_FUNCTION = YES;
				GCC_WARN_UNUSED_VARIABLE = YES;
				IPHONEOS_DEPLOYMENT_TARGET = 9.2;
				MTL_ENABLE_DEBUG_INFO = NO;
				SDKROOT = iphoneos;
				VALIDATE_PRODUCT = YES;
			};
			name = Release;
		};
		9C40AD611CF82C5800AF23DE /* Debug */ = {
			isa = XCBuildConfiguration;
			baseConfigurationReference = 91A97F5ADB0EACD582C0C33E /* Pods-91助手.debug.xcconfig */;
			buildSettings = {
				ASSETCATALOG_COMPILER_APPICON_NAME = AppIcon;
				CODE_SIGN_IDENTITY = "iPhone Developer";
				GCC_PRECOMPILE_PREFIX_HEADER = YES;
				GCC_PREFIX_HEADER = "$(SRCROOT)/91助手/PrefixHeader.pch";
				INFOPLIST_FILE = "91助手/Info.plist";
				LD_RUNPATH_SEARCH_PATHS = "$(inherited) @executable_path/Frameworks";
				PRODUCT_BUNDLE_IDENTIFIER = "com.zhyk.-91Assistant";
				PRODUCT_NAME = "$(TARGET_NAME)";
			};
			name = Debug;
		};
		9C40AD621CF82C5800AF23DE /* Release */ = {
			isa = XCBuildConfiguration;
			baseConfigurationReference = 99979C71D0B096DA5618EAC6 /* Pods-91助手.release.xcconfig */;
			buildSettings = {
				ASSETCATALOG_COMPILER_APPICON_NAME = AppIcon;
				CODE_SIGN_IDENTITY = "iPhone Developer";
				GCC_PRECOMPILE_PREFIX_HEADER = YES;
				GCC_PREFIX_HEADER = "$(SRCROOT)/91助手/PrefixHeader.pch";
				INFOPLIST_FILE = "91助手/Info.plist";
				LD_RUNPATH_SEARCH_PATHS = "$(inherited) @executable_path/Frameworks";
				PRODUCT_BUNDLE_IDENTIFIER = "com.zhyk.-91Assistant";
				PRODUCT_NAME = "$(TARGET_NAME)";
			};
			name = Release;
		};
		9C40AD641CF82C5800AF23DE /* Debug */ = {
			isa = XCBuildConfiguration;
			baseConfigurationReference = F896CE6D5BF04B715F6FD1E6 /* Pods-91助手Tests.debug.xcconfig */;
			buildSettings = {
				BUNDLE_LOADER = "$(TEST_HOST)";
				INFOPLIST_FILE = "91助手Tests/Info.plist";
				LD_RUNPATH_SEARCH_PATHS = "$(inherited) @executable_path/Frameworks @loader_path/Frameworks";
				PRODUCT_BUNDLE_IDENTIFIER = "com.zhyk.-1--Tests";
				PRODUCT_NAME = "$(TARGET_NAME)";
				TEST_HOST = "$(BUILT_PRODUCTS_DIR)/91助手.app/91助手";
			};
			name = Debug;
		};
		9C40AD651CF82C5800AF23DE /* Release */ = {
			isa = XCBuildConfiguration;
			baseConfigurationReference = 5CFD8B700015DDD923ED7E4C /* Pods-91助手Tests.release.xcconfig */;
			buildSettings = {
				BUNDLE_LOADER = "$(TEST_HOST)";
				INFOPLIST_FILE = "91助手Tests/Info.plist";
				LD_RUNPATH_SEARCH_PATHS = "$(inherited) @executable_path/Frameworks @loader_path/Frameworks";
				PRODUCT_BUNDLE_IDENTIFIER = "com.zhyk.-1--Tests";
				PRODUCT_NAME = "$(TARGET_NAME)";
				TEST_HOST = "$(BUILT_PRODUCTS_DIR)/91助手.app/91助手";
			};
			name = Release;
		};
		9C40AD671CF82C5800AF23DE /* Debug */ = {
			isa = XCBuildConfiguration;
			baseConfigurationReference = 5FE7BE38F5467DC28C57E3D4 /* Pods-91助手UITests.debug.xcconfig */;
			buildSettings = {
				INFOPLIST_FILE = "91助手UITests/Info.plist";
				LD_RUNPATH_SEARCH_PATHS = "$(inherited) @executable_path/Frameworks @loader_path/Frameworks";
				PRODUCT_BUNDLE_IDENTIFIER = "com.zhyk.-1--UITests";
				PRODUCT_NAME = "$(TARGET_NAME)";
				TEST_TARGET_NAME = "91助手";
				USES_XCTRUNNER = YES;
			};
			name = Debug;
		};
		9C40AD681CF82C5800AF23DE /* Release */ = {
			isa = XCBuildConfiguration;
			baseConfigurationReference = E7350C03B08542AA4F4B9AF8 /* Pods-91助手UITests.release.xcconfig */;
			buildSettings = {
				INFOPLIST_FILE = "91助手UITests/Info.plist";
				LD_RUNPATH_SEARCH_PATHS = "$(inherited) @executable_path/Frameworks @loader_path/Frameworks";
				PRODUCT_BUNDLE_IDENTIFIER = "com.zhyk.-1--UITests";
				PRODUCT_NAME = "$(TARGET_NAME)";
				TEST_TARGET_NAME = "91助手";
				USES_XCTRUNNER = YES;
			};
			name = Release;
		};
/* End XCBuildConfiguration section */

/* Begin XCConfigurationList section */
		9C40AD2E1CF82C5700AF23DE /* Build configuration list for PBXProject "91助手" */ = {
			isa = XCConfigurationList;
			buildConfigurations = (
				9C40AD5E1CF82C5800AF23DE /* Debug */,
				9C40AD5F1CF82C5800AF23DE /* Release */,
			);
			defaultConfigurationIsVisible = 0;
			defaultConfigurationName = Release;
		};
		9C40AD601CF82C5800AF23DE /* Build configuration list for PBXNativeTarget "91助手" */ = {
			isa = XCConfigurationList;
			buildConfigurations = (
				9C40AD611CF82C5800AF23DE /* Debug */,
				9C40AD621CF82C5800AF23DE /* Release */,
			);
			defaultConfigurationIsVisible = 0;
			defaultConfigurationName = Release;
		};
		9C40AD631CF82C5800AF23DE /* Build configuration list for PBXNativeTarget "91助手Tests" */ = {
			isa = XCConfigurationList;
			buildConfigurations = (
				9C40AD641CF82C5800AF23DE /* Debug */,
				9C40AD651CF82C5800AF23DE /* Release */,
			);
			defaultConfigurationIsVisible = 0;
			defaultConfigurationName = Release;
		};
		9C40AD661CF82C5800AF23DE /* Build configuration list for PBXNativeTarget "91助手UITests" */ = {
			isa = XCConfigurationList;
			buildConfigurations = (
				9C40AD671CF82C5800AF23DE /* Debug */,
				9C40AD681CF82C5800AF23DE /* Release */,
			);
			defaultConfigurationIsVisible = 0;
			defaultConfigurationName = Release;
		};
/* End XCConfigurationList section */
	};
	rootObject = 9C40AD2B1CF82C5700AF23DE /* Project object */;
}
